
Microsoft Visual Studio Solution File, Format Version 12.00
# Visual Studio Version 17
VisualStudioVersion = 17.2.32616.157
MinimumVisualStudioVersion = 10.0.40219.1
Project("{FAE04EC0-301F-11D3-BF4B-00C04F79EFBC}") = "Eshopsolution.webapp", "Eshopsolution.webapp\Eshopsolution.webapp.csproj", "{4491360A-6691-421F-832A-4CC7C49673B0}"
EndProject
Project("{FAE04EC0-301F-11D3-BF4B-00C04F79EFBC}") = "Eshopsolution.Data", "Eshopsolution.Data\Eshopsolution.Data.csproj", "{3087F92D-16CD-42FF-BBE4-CB5927A0F66F}"
EndProject
Project("{FAE04EC0-301F-11D3-BF4B-00C04F79EFBC}") = "Eshopsolution.application", "Eshopsolution.application\Eshopsolution.application.csproj", "{D6BCA399-B0E5-41CD-9004-A787C9C3A2C8}"
EndProject
Global
	GlobalSection(SolutionConfigurationPlatforms) = preSolution
		Debug|Any CPU = Debug|Any CPU
		Release|Any CPU = Release|Any CPU
	EndGlobalSection
	GlobalSection(ProjectConfigurationPlatforms) = postSolution
		{4491360A-6691-421F-832A-4CC7C49673B0}.Debug|Any CPU.ActiveCfg = Debug|Any CPU
		{4491360A-6691-421F-832A-4CC7C49673B0}.Debug|Any CPU.Build.0 = Debug|Any CPU
		{4491360A-6691-421F-832A-4CC7C49673B0}.Release|Any CPU.ActiveCfg = Release|Any CPU
		{4491360A-6691-421F-832A-4CC7C49673B0}.Release|Any CPU.Build.0 = Release|Any CPU
		{3087F92D-16CD-42FF-BBE4-CB5927A0F66F}.Debug|Any CPU.ActiveCfg = Debug|Any CPU
		{3087F92D-16CD-42FF-BBE4-CB5927A0F66F}.Debug|Any CPU.Build.0 = Debug|Any CPU
		{3087F92D-16CD-42FF-BBE4-CB5927A0F66F}.Release|Any CPU.ActiveCfg = Release|Any CPU
		{3087F92D-16CD-42FF-BBE4-CB5927A0F66F}.Release|Any CPU.Build.0 = Release|Any CPU
		{D6BCA399-B0E5-41CD-9004-A787C9C3A2C8}.Debug|Any CPU.ActiveCfg = Debug|Any CPU
		{D6BCA399-B0E5-41CD-9004-A787C9C3A2C8}.Debug|Any CPU.Build.0 = Debug|Any CPU
		{D6BCA399-B0E5-41CD-9004-A787C9C3A2C8}.Release|Any CPU.ActiveCfg = Release|Any CPU
		{D6BCA399-B0E5-41CD-9004-A787C9C3A2C8}.Release|Any CPU.Build.0 = Release|Any CPU
	EndGlobalSection
	GlobalSection(SolutionProperties) = preSolution
		HideSolutionNode = FALSE
	EndGlobalSection
	GlobalSection(ExtensibilityGlobals) = postSolution
		SolutionGuid = {76B782F2-20F7-471B-8673-53E50BB6D8A2}
	EndGlobalSection
EndGlobal
